
Microsoft Visual Studio Solution File, Format Version 11.00
# Visual Studio 2010
Project("{FAE04EC0-301F-11D3-BF4B-00C04F79EFBC}") = "zinfoimage", "zinfoimage.csproj", "{207F36C9-FC52-47F7-93A7-BC4635B14F7C}"
EndProject
Project("{FAE04EC0-301F-11D3-BF4B-00C04F79EFBC}") = "zyllibcs4", "..\..\..\zyllibcs\zyllibcs4.csproj", "{B1E5DB93-5A0E-4D61-A69B-42786A0D259A}"
EndProject
Global
	GlobalSection(SolutionConfigurationPlatforms) = preSolution
		Debug|Any CPU = Debug|Any CPU
		Debug|Mixed Platforms = Debug|Mixed Platforms
		Debug|x86 = Debug|x86
		Release|Any CPU = Release|Any CPU
		Release|Mixed Platforms = Release|Mixed Platforms
		Release|x86 = Release|x86
	EndGlobalSection
	GlobalSection(ProjectConfigurationPlatforms) = postSolution
		{207F36C9-FC52-47F7-93A7-BC4635B14F7C}.Debug|Any CPU.ActiveCfg = Debug|x86
		{207F36C9-FC52-47F7-93A7-BC4635B14F7C}.Debug|Mixed Platforms.ActiveCfg = Debug|x86
		{207F36C9-FC52-47F7-93A7-BC4635B14F7C}.Debug|Mixed Platforms.Build.0 = Debug|x86
		{207F36C9-FC52-47F7-93A7-BC4635B14F7C}.Debug|x86.ActiveCfg = Debug|x86
		{207F36C9-FC52-47F7-93A7-BC4635B14F7C}.Debug|x86.Build.0 = Debug|x86
		{207F36C9-FC52-47F7-93A7-BC4635B14F7C}.Release|Any CPU.ActiveCfg = Release|x86
		{207F36C9-FC52-47F7-93A7-BC4635B14F7C}.Release|Mixed Platforms.ActiveCfg = Release|x86
		{207F36C9-FC52-47F7-93A7-BC4635B14F7C}.Release|Mixed Platforms.Build.0 = Release|x86
		{207F36C9-FC52-47F7-93A7-BC4635B14F7C}.Release|x86.ActiveCfg = Release|x86
		{207F36C9-FC52-47F7-93A7-BC4635B14F7C}.Release|x86.Build.0 = Release|x86
		{B1E5DB93-5A0E-4D61-A69B-42786A0D259A}.Debug|Any CPU.ActiveCfg = Debug|Any CPU
		{B1E5DB93-5A0E-4D61-A69B-42786A0D259A}.Debug|Any CPU.Build.0 = Debug|Any CPU
		{B1E5DB93-5A0E-4D61-A69B-42786A0D259A}.Debug|Mixed Platforms.ActiveCfg = Debug|Any CPU
		{B1E5DB93-5A0E-4D61-A69B-42786A0D259A}.Debug|Mixed Platforms.Build.0 = Debug|Any CPU
		{B1E5DB93-5A0E-4D61-A69B-42786A0D259A}.Debug|x86.ActiveCfg = Debug|Any CPU
		{B1E5DB93-5A0E-4D61-A69B-42786A0D259A}.Release|Any CPU.ActiveCfg = Release|Any CPU
		{B1E5DB93-5A0E-4D61-A69B-42786A0D259A}.Release|Any CPU.Build.0 = Release|Any CPU
		{B1E5DB93-5A0E-4D61-A69B-42786A0D259A}.Release|Mixed Platforms.ActiveCfg = Release|Any CPU
		{B1E5DB93-5A0E-4D61-A69B-42786A0D259A}.Release|Mixed Platforms.Build.0 = Release|Any CPU
		{B1E5DB93-5A0E-4D61-A69B-42786A0D259A}.Release|x86.ActiveCfg = Release|Any CPU
	EndGlobalSection
	GlobalSection(SolutionProperties) = preSolution
		HideSolutionNode = FALSE
	EndGlobalSection
EndGlobal
